
Microsoft Visual Studio Solution File, Format Version 12.00
# Visual Studio Version 17
VisualStudioVersion = 17.5.33530.505
MinimumVisualStudioVersion = 10.0.40219.1
Project("{FAE04EC0-301F-11D3-BF4B-00C04F79EFBC}") = "ConsoleApp40", "ConsoleApp40\ConsoleApp40.csproj", "{59F5E5F3-6CFD-46B0-823E-449A25E7D4B6}"
EndProject
Global
	GlobalSection(SolutionConfigurationPlatforms) = preSolution
		Debug|Any CPU = Debug|Any CPU
		Release|Any CPU = Release|Any CPU
	EndGlobalSection
	GlobalSection(ProjectConfigurationPlatforms) = postSolution
		{59F5E5F3-6CFD-46B0-823E-449A25E7D4B6}.Debug|Any CPU.ActiveCfg = Debug|Any CPU
		{59F5E5F3-6CFD-46B0-823E-449A25E7D4B6}.Debug|Any CPU.Build.0 = Debug|Any CPU
		{59F5E5F3-6CFD-46B0-823E-449A25E7D4B6}.Release|Any CPU.ActiveCfg = Release|Any CPU
		{59F5E5F3-6CFD-46B0-823E-449A25E7D4B6}.Release|Any CPU.Build.0 = Release|Any CPU
	EndGlobalSection
	GlobalSection(SolutionProperties) = preSolution
		HideSolutionNode = FALSE
	EndGlobalSection
	GlobalSection(ExtensibilityGlobals) = postSolution
		SolutionGuid = {DB62844D-058A-4793-8498-3C60B5494224}
	EndGlobalSection
EndGlobal
